
Microsoft Visual Studio Solution File, Format Version 12.00
# Visual Studio Version 17
VisualStudioVersion = 17.13.35931.197 d17.13
MinimumVisualStudioVersion = 10.0.40219.1
Project("{FAE04EC0-301F-11D3-BF4B-00C04F79EFBC}") = "login", "login\login.csproj", "{FDE8AEE8-6496-4649-AD44-2A388E34564E}"
EndProject
Global
	GlobalSection(SolutionConfigurationPlatforms) = preSolution
		Debug|Any CPU = Debug|Any CPU
		Release|Any CPU = Release|Any CPU
	EndGlobalSection
	GlobalSection(ProjectConfigurationPlatforms) = postSolution
		{FDE8AEE8-6496-4649-AD44-2A388E34564E}.Debug|Any CPU.ActiveCfg = Debug|Any CPU
		{FDE8AEE8-6496-4649-AD44-2A388E34564E}.Debug|Any CPU.Build.0 = Debug|Any CPU
		{FDE8AEE8-6496-4649-AD44-2A388E34564E}.Release|Any CPU.ActiveCfg = Release|Any CPU
		{FDE8AEE8-6496-4649-AD44-2A388E34564E}.Release|Any CPU.Build.0 = Release|Any CPU
	EndGlobalSection
	GlobalSection(SolutionProperties) = preSolution
		HideSolutionNode = FALSE
	EndGlobalSection
	GlobalSection(ExtensibilityGlobals) = postSolution
		SolutionGuid = {293C0AF1-DFF3-4A24-8DC5-13A39F787F9A}
	EndGlobalSection
EndGlobal
